
Microsoft Visual Studio Solution File, Format Version 12.00
# Visual Studio 14
VisualStudioVersion = 14.0.24720.0
MinimumVisualStudioVersion = 10.0.40219.1
Project("{FAE04EC0-301F-11D3-BF4B-00C04F79EFBC}") = "WebAPI", "WebAPI\WebAPI.csproj", "{5F3B09E6-E3F5-4D9B-AF4C-5CB6466D0764}"
EndProject
Project("{FAE04EC0-301F-11D3-BF4B-00C04F79EFBC}") = "WebAPI.Tests", "WebAPI.Tests\WebAPI.Tests.csproj", "{FEC816AD-232C-48B2-AFD7-26A72DF39264}"
EndProject
Project("{FAE04EC0-301F-11D3-BF4B-00C04F79EFBC}") = "ClientAngular", "ClientAngular\ClientAngular.csproj", "{C3F8A19F-D78A-4FA1-A901-73D1A1CDEBAA}"
EndProject
Global
	GlobalSection(SolutionConfigurationPlatforms) = preSolution
		Debug|Any CPU = Debug|Any CPU
		Release|Any CPU = Release|Any CPU
	EndGlobalSection
	GlobalSection(ProjectConfigurationPlatforms) = postSolution
		{5F3B09E6-E3F5-4D9B-AF4C-5CB6466D0764}.Debug|Any CPU.ActiveCfg = Debug|Any CPU
		{5F3B09E6-E3F5-4D9B-AF4C-5CB6466D0764}.Debug|Any CPU.Build.0 = Debug|Any CPU
		{5F3B09E6-E3F5-4D9B-AF4C-5CB6466D0764}.Release|Any CPU.ActiveCfg = Release|Any CPU
		{5F3B09E6-E3F5-4D9B-AF4C-5CB6466D0764}.Release|Any CPU.Build.0 = Release|Any CPU
		{FEC816AD-232C-48B2-AFD7-26A72DF39264}.Debug|Any CPU.ActiveCfg = Debug|Any CPU
		{FEC816AD-232C-48B2-AFD7-26A72DF39264}.Debug|Any CPU.Build.0 = Debug|Any CPU
		{FEC816AD-232C-48B2-AFD7-26A72DF39264}.Release|Any CPU.ActiveCfg = Release|Any CPU
		{FEC816AD-232C-48B2-AFD7-26A72DF39264}.Release|Any CPU.Build.0 = Release|Any CPU
		{C3F8A19F-D78A-4FA1-A901-73D1A1CDEBAA}.Debug|Any CPU.ActiveCfg = Debug|Any CPU
		{C3F8A19F-D78A-4FA1-A901-73D1A1CDEBAA}.Debug|Any CPU.Build.0 = Debug|Any CPU
		{C3F8A19F-D78A-4FA1-A901-73D1A1CDEBAA}.Release|Any CPU.ActiveCfg = Release|Any CPU
		{C3F8A19F-D78A-4FA1-A901-73D1A1CDEBAA}.Release|Any CPU.Build.0 = Release|Any CPU
	EndGlobalSection
	GlobalSection(SolutionProperties) = preSolution
		HideSolutionNode = FALSE
	EndGlobalSection
EndGlobal
